{
  "name": "dale-de-cano-de-ferro",
  "version": "1.0.0",
  "lockfileVersion": 3,
  "requires": true,
  "packages": {
    "": {
      "name": "dale-de-cano-de-ferro",
      "version": "1.0.0",
      "license": "MIT",
      "dependencies": {
        "ramda": "^0.26.1"
      },
      "bin": {
        "dale-de-cano-de-ferro": "index.js"
      }
    },
    "node_modules/ramda": {
      "version": "0.26.1",
      "resolved": "http://npm-registry.magazineluiza.com.br/ramda/-/ramda-0.26.1.tgz",
      "integrity": "sha512-hLWjpy7EnsDBb0p+Z3B7rPi3GDeRG5ZtiI33kJhTt+ORCd38AbAIjB/9zRIUoeTbE/AVX5ZkU7m6bznsvrf8eQ==",
      "license": "MIT"
    }
  }
}
